// !$*UTF8*$!
{
	archiveVersion = 1;
	classes = {
	};
	objectVersion = 50;
	objects = {

/* Begin PBXBuildFile section */
		956F907421F90B16000A0E67 /* redViewController.swift in Sources */ = {isa = PBXBuildFile; fileRef = 956F907321F90B16000A0E67 /* redViewController.swift */; };
		956F907721F90C95000A0E67 /* ImageCell.swift in Sources */ = {isa = PBXBuildFile; fileRef = 956F907621F90C95000A0E67 /* ImageCell.swift */; };
		956F907921F90CEF000A0E67 /* AlbumCell.swift in Sources */ = {isa = PBXBuildFile; fileRef = 956F907821F90CEF000A0E67 /* AlbumCell.swift */; };
		956F907C21FA0AAD000A0E67 /* SettingsViewController.swift in Sources */ = {isa = PBXBuildFile; fileRef = 956F907B21FA0AAD000A0E67 /* SettingsViewController.swift */; };
		95C4E3A321F60F1A0022EB24 /* AppDelegate.swift in Sources */ = {isa = PBXBuildFile; fileRef = 95C4E3A221F60F1A0022EB24 /* AppDelegate.swift */; };
		95C4E3A521F60F1A0022EB24 /* ViewController.swift in Sources */ = {isa = PBXBuildFile; fileRef = 95C4E3A421F60F1A0022EB24 /* ViewController.swift */; };
		95C4E3A821F60F1A0022EB24 /* Main.storyboard in Resources */ = {isa = PBXBuildFile; fileRef = 95C4E3A621F60F1A0022EB24 /* Main.storyboard */; };
		95C4E3AA21F60F1B0022EB24 /* Assets.xcassets in Resources */ = {isa = PBXBuildFile; fileRef = 95C4E3A921F60F1B0022EB24 /* Assets.xcassets */; };
		95C4E3AD21F60F1B0022EB24 /* LaunchScreen.storyboard in Resources */ = {isa = PBXBuildFile; fileRef = 95C4E3AB21F60F1B0022EB24 /* LaunchScreen.storyboard */; };
		95C4E3B521F60FAC0022EB24 /* Extensions.swift in Sources */ = {isa = PBXBuildFile; fileRef = 95C4E3B421F60FAC0022EB24 /* Extensions.swift */; };
		95D9A97021F7ADD800E244AB /* GreenViewController.swift in Sources */ = {isa = PBXBuildFile; fileRef = 95D9A96F21F7ADD800E244AB /* GreenViewController.swift */; };
		95D9A97221F7AE0A00E244AB /* YellowViewController.swift in Sources */ = {isa = PBXBuildFile; fileRef = 95D9A97121F7AE0A00E244AB /* YellowViewController.swift */; };
		95D9A97421F7AE4300E244AB /* OrangeViewController.swift in Sources */ = {isa = PBXBuildFile; fileRef = 95D9A97321F7AE4300E244AB /* OrangeViewController.swift */; };
		95D9A97621F7AE7D00E244AB /* BlueViewController.swift in Sources */ = {isa = PBXBuildFile; fileRef = 95D9A97521F7AE7D00E244AB /* BlueViewController.swift */; };
		95D9A97821F7AEAC00E244AB /* PurpleViewController.swift in Sources */ = {isa = PBXBuildFile; fileRef = 95D9A97721F7AEAC00E244AB /* PurpleViewController.swift */; };
		95D9A97A21F7AED100E244AB /* LightGrayViewController.swift in Sources */ = {isa = PBXBuildFile; fileRef = 95D9A97921F7AED100E244AB /* LightGrayViewController.swift */; };
		95D9A97C21F7AF1200E244AB /* BlackViewController.swift in Sources */ = {isa = PBXBuildFile; fileRef = 95D9A97B21F7AF1200E244AB /* BlackViewController.swift */; };
		95D9A97E21F7AF8A00E244AB /* GrayViewController.swift in Sources */ = {isa = PBXBuildFile; fileRef = 95D9A97D21F7AF8A00E244AB /* GrayViewController.swift */; };
/* End PBXBuildFile section */

/* Begin PBXFileReference section */
		956F907321F90B16000A0E67 /* redViewController.swift */ = {isa = PBXFileReference; lastKnownFileType = sourcecode.swift; path = redViewController.swift; sourceTree = "<group>"; };
		956F907621F90C95000A0E67 /* ImageCell.swift */ = {isa = PBXFileReference; lastKnownFileType = sourcecode.swift; path = ImageCell.swift; sourceTree = "<group>"; };
		956F907821F90CEF000A0E67 /* AlbumCell.swift */ = {isa = PBXFileReference; lastKnownFileType = sourcecode.swift; path = AlbumCell.swift; sourceTree = "<group>"; };
		956F907B21FA0AAD000A0E67 /* SettingsViewController.swift */ = {isa = PBXFileReference; lastKnownFileType = sourcecode.swift; path = SettingsViewController.swift; sourceTree = "<group>"; };
		95C4E39F21F60F1A0022EB24 /* MultipleSectionsCollectionView.app */ = {isa = PBXFileReference; explicitFileType = wrapper.application; includeInIndex = 0; path = MultipleSectionsCollectionView.app; sourceTree = BUILT_PRODUCTS_DIR; };
		95C4E3A221F60F1A0022EB24 /* AppDelegate.swift */ = {isa = PBXFileReference; lastKnownFileType = sourcecode.swift; path = AppDelegate.swift; sourceTree = "<group>"; };
		95C4E3A421F60F1A0022EB24 /* ViewController.swift */ = {isa = PBXFileReference; lastKnownFileType = sourcecode.swift; path = ViewController.swift; sourceTree = "<group>"; };
		95C4E3A721F60F1A0022EB24 /* Base */ = {isa = PBXFileReference; lastKnownFileType = file.storyboard; name = Base; path = Base.lproj/Main.storyboard; sourceTree = "<group>"; };
		95C4E3A921F60F1B0022EB24 /* Assets.xcassets */ = {isa = PBXFileReference; lastKnownFileType = folder.assetcatalog; path = Assets.xcassets; sourceTree = "<group>"; };
		95C4E3AC21F60F1B0022EB24 /* Base */ = {isa = PBXFileReference; lastKnownFileType = file.storyboard; name = Base; path = Base.lproj/LaunchScreen.storyboard; sourceTree = "<group>"; };
		95C4E3AE21F60F1B0022EB24 /* Info.plist */ = {isa = PBXFileReference; lastKnownFileType = text.plist.xml; path = Info.plist; sourceTree = "<group>"; };
		95C4E3B421F60FAC0022EB24 /* Extensions.swift */ = {isa = PBXFileReference; lastKnownFileType = sourcecode.swift; path = Extensions.swift; sourceTree = "<group>"; };
		95D9A96F21F7ADD800E244AB /* GreenViewController.swift */ = {isa = PBXFileReference; lastKnownFileType = sourcecode.swift; path = GreenViewController.swift; sourceTree = "<group>"; };
		95D9A97121F7AE0A00E244AB /* YellowViewController.swift */ = {isa = PBXFileReference; lastKnownFileType = sourcecode.swift; path = YellowViewController.swift; sourceTree = "<group>"; };
		95D9A97321F7AE4300E244AB /* OrangeViewController.swift */ = {isa = PBXFileReference; lastKnownFileType = sourcecode.swift; path = OrangeViewController.swift; sourceTree = "<group>"; };
		95D9A97521F7AE7D00E244AB /* BlueViewController.swift */ = {isa = PBXFileReference; lastKnownFileType = sourcecode.swift; path = BlueViewController.swift; sourceTree = "<group>"; };
		95D9A97721F7AEAC00E244AB /* PurpleViewController.swift */ = {isa = PBXFileReference; lastKnownFileType = sourcecode.swift; path = PurpleViewController.swift; sourceTree = "<group>"; };
		95D9A97921F7AED100E244AB /* LightGrayViewController.swift */ = {isa = PBXFileReference; lastKnownFileType = sourcecode.swift; path = LightGrayViewController.swift; sourceTree = "<group>"; };
		95D9A97B21F7AF1200E244AB /* BlackViewController.swift */ = {isa = PBXFileReference; lastKnownFileType = sourcecode.swift; path = BlackViewController.swift; sourceTree = "<group>"; };
		95D9A97D21F7AF8A00E244AB /* GrayViewController.swift */ = {isa = PBXFileReference; lastKnownFileType = sourcecode.swift; path = GrayViewController.swift; sourceTree = "<group>"; };
/* End PBXFileReference section */

/* Begin PBXFrameworksBuildPhase section */
		95C4E39C21F60F1A0022EB24 /* Frameworks */ = {
			isa = PBXFrameworksBuildPhase;
			buildActionMask = 2147483647;
			files = (
			);
			runOnlyForDeploymentPostprocessing = 0;
		};
/* End PBXFrameworksBuildPhase section */

/* Begin PBXGroup section */
		956F907521F90C6E000A0E67 /* Cell */ = {
			isa = PBXGroup;
			children = (
				956F907621F90C95000A0E67 /* ImageCell.swift */,
				956F907821F90CEF000A0E67 /* AlbumCell.swift */,
			);
			path = Cell;
			sourceTree = "<group>";
		};
		956F907A21F90F30000A0E67 /* AppDelegate and Ext */ = {
			isa = PBXGroup;
			children = (
				95C4E3A221F60F1A0022EB24 /* AppDelegate.swift */,
				95C4E3B421F60FAC0022EB24 /* Extensions.swift */,
			);
			path = "AppDelegate and Ext";
			sourceTree = "<group>";
		};
		95C4E39621F60F1A0022EB24 = {
			isa = PBXGroup;
			children = (
				95C4E3A121F60F1A0022EB24 /* MultipleSectionsCollectionView */,
				95C4E3A021F60F1A0022EB24 /* Products */,
			);
			sourceTree = "<group>";
		};
		95C4E3A021F60F1A0022EB24 /* Products */ = {
			isa = PBXGroup;
			children = (
				95C4E39F21F60F1A0022EB24 /* MultipleSectionsCollectionView.app */,
			);
			name = Products;
			sourceTree = "<group>";
		};
		95C4E3A121F60F1A0022EB24 /* MultipleSectionsCollectionView */ = {
			isa = PBXGroup;
			children = (
				956F907A21F90F30000A0E67 /* AppDelegate and Ext */,
				956F907521F90C6E000A0E67 /* Cell */,
				95CF66EF220B2F9200988446 /* UI */,
				95C4E3A621F60F1A0022EB24 /* Main.storyboard */,
				95C4E3A921F60F1B0022EB24 /* Assets.xcassets */,
				95C4E3AB21F60F1B0022EB24 /* LaunchScreen.storyboard */,
				95C4E3AE21F60F1B0022EB24 /* Info.plist */,
			);
			path = MultipleSectionsCollectionView;
			sourceTree = "<group>";
		};
		95CF66EE220B2F7A00988446 /* Scenes */ = {
			isa = PBXGroup;
			children = (
			);
			path = Scenes;
			sourceTree = "<group>";
		};
		95CF66EF220B2F9200988446 /* UI */ = {
			isa = PBXGroup;
			children = (
				95D9A96E21F7ADAB00E244AB /* Controllers */,
				95CF66EE220B2F7A00988446 /* Scenes */,
			);
			path = UI;
			sourceTree = "<group>";
		};
		95D9A96E21F7ADAB00E244AB /* Controllers */ = {
			isa = PBXGroup;
			children = (
				95C4E3A421F60F1A0022EB24 /* ViewController.swift */,
				956F907321F90B16000A0E67 /* redViewController.swift */,
				95D9A97321F7AE4300E244AB /* OrangeViewController.swift */,
				95D9A97121F7AE0A00E244AB /* YellowViewController.swift */,
				95D9A96F21F7ADD800E244AB /* GreenViewController.swift */,
				95D9A97521F7AE7D00E244AB /* BlueViewController.swift */,
				95D9A97721F7AEAC00E244AB /* PurpleViewController.swift */,
				95D9A97921F7AED100E244AB /* LightGrayViewController.swift */,
				95D9A97D21F7AF8A00E244AB /* GrayViewController.swift */,
				95D9A97B21F7AF1200E244AB /* BlackViewController.swift */,
				956F907B21FA0AAD000A0E67 /* SettingsViewController.swift */,
			);
			path = Controllers;
			sourceTree = "<group>";
		};
/* End PBXGroup section */

/* Begin PBXNativeTarget section */
		95C4E39E21F60F1A0022EB24 /* MultipleSectionsCollectionView */ = {
			isa = PBXNativeTarget;
			buildConfigurationList = 95C4E3B121F60F1B0022EB24 /* Build configuration list for PBXNativeTarget "MultipleSectionsCollectionView" */;
			buildPhases = (
				95C4E39B21F60F1A0022EB24 /* Sources */,
				95C4E39C21F60F1A0022EB24 /* Frameworks */,
				95C4E39D21F60F1A0022EB24 /* Resources */,
			);
			buildRules = (
			);
			dependencies = (
			);
			name = MultipleSectionsCollectionView;
			productName = MultipleSectionsCollectionView;
			productReference = 95C4E39F21F60F1A0022EB24 /* MultipleSectionsCollectionView.app */;
			productType = "com.apple.product-type.application";
		};
/* End PBXNativeTarget section */

/* Begin PBXProject section */
		95C4E39721F60F1A0022EB24 /* Project object */ = {
			isa = PBXProject;
			attributes = {
				LastSwiftUpdateCheck = 1010;
				LastUpgradeCheck = 1010;
				ORGANIZATIONNAME = "Lucas Dahl";
				TargetAttributes = {
					95C4E39E21F60F1A0022EB24 = {
						CreatedOnToolsVersion = 10.1;
					};
				};
			};
			buildConfigurationList = 95C4E39A21F60F1A0022EB24 /* Build configuration list for PBXProject "MultipleSectionsCollectionView" */;
			compatibilityVersion = "Xcode 9.3";
			developmentRegion = en;
			hasScannedForEncodings = 0;
			knownRegions = (
				en,
				Base,
			);
			mainGroup = 95C4E39621F60F1A0022EB24;
			productRefGroup = 95C4E3A021F60F1A0022EB24 /* Products */;
			projectDirPath = "";
			projectRoot = "";
			targets = (
				95C4E39E21F60F1A0022EB24 /* MultipleSectionsCollectionView */,
			);
		};
/* End PBXProject section */

/* Begin PBXResourcesBuildPhase section */
		95C4E39D21F60F1A0022EB24 /* Resources */ = {
			isa = PBXResourcesBuildPhase;
			buildActionMask = 2147483647;
			files = (
				95C4E3AD21F60F1B0022EB24 /* LaunchScreen.storyboard in Resources */,
				95C4E3AA21F60F1B0022EB24 /* Assets.xcassets in Resources */,
				95C4E3A821F60F1A0022EB24 /* Main.storyboard in Resources */,
			);
			runOnlyForDeploymentPostprocessing = 0;
		};
/* End PBXResourcesBuildPhase section */

/* Begin PBXSourcesBuildPhase section */
		95C4E39B21F60F1A0022EB24 /* Sources */ = {
			isa = PBXSourcesBuildPhase;
			buildActionMask = 2147483647;
			files = (
				95D9A97C21F7AF1200E244AB /* BlackViewController.swift in Sources */,
				95D9A97A21F7AED100E244AB /* LightGrayViewController.swift in Sources */,
				95C4E3A521F60F1A0022EB24 /* ViewController.swift in Sources */,
				956F907921F90CEF000A0E67 /* AlbumCell.swift in Sources */,
				95D9A97821F7AEAC00E244AB /* PurpleViewController.swift in Sources */,
				956F907421F90B16000A0E67 /* redViewController.swift in Sources */,
				95D9A97621F7AE7D00E244AB /* BlueViewController.swift in Sources */,
				95C4E3B521F60FAC0022EB24 /* Extensions.swift in Sources */,
				956F907C21FA0AAD000A0E67 /* SettingsViewController.swift in Sources */,
				95C4E3A321F60F1A0022EB24 /* AppDelegate.swift in Sources */,
				95D9A97221F7AE0A00E244AB /* YellowViewController.swift in Sources */,
				95D9A97E21F7AF8A00E244AB /* GrayViewController.swift in Sources */,
				95D9A97421F7AE4300E244AB /* OrangeViewController.swift in Sources */,
				95D9A97021F7ADD800E244AB /* GreenViewController.swift in Sources */,
				956F907721F90C95000A0E67 /* ImageCell.swift in Sources */,
			);
			runOnlyForDeploymentPostprocessing = 0;
		};
/* End PBXSourcesBuildPhase section */

/* Begin PBXVariantGroup section */
		95C4E3A621F60F1A0022EB24 /* Main.storyboard */ = {
			isa = PBXVariantGroup;
			children = (
				95C4E3A721F60F1A0022EB24 /* Base */,
			);
			name = Main.storyboard;
			sourceTree = "<group>";
		};
		95C4E3AB21F60F1B0022EB24 /* LaunchScreen.storyboard */ = {
			isa = PBXVariantGroup;
			children = (
				95C4E3AC21F60F1B0022EB24 /* Base */,
			);
			name = LaunchScreen.storyboard;
			sourceTree = "<group>";
		};
/* End PBXVariantGroup section */

/* Begin XCBuildConfiguration section */
		95C4E3AF21F60F1B0022EB24 /* Debug */ = {
			isa = XCBuildConfiguration;
			buildSettings = {
				ALWAYS_SEARCH_USER_PATHS = NO;
				CLANG_ANALYZER_NONNULL = YES;
				CLANG_ANALYZER_NUMBER_OBJECT_CONVERSION = YES_AGGRESSIVE;
				CLANG_CXX_LANGUAGE_STANDARD = "gnu++14";
				CLANG_CXX_LIBRARY = "libc++";
				CLANG_ENABLE_MODULES = YES;
				CLANG_ENABLE_OBJC_ARC = YES;
				CLANG_ENABLE_OBJC_WEAK = YES;
				CLANG_WARN_BLOCK_CAPTURE_AUTORELEASING = YES;
				CLANG_WARN_BOOL_CONVERSION = YES;
				CLANG_WARN_COMMA = YES;
				CLANG_WARN_CONSTANT_CONVERSION = YES;
				CLANG_WARN_DEPRECATED_OBJC_IMPLEMENTATIONS = YES;
				CLANG_WARN_DIRECT_OBJC_ISA_USAGE = YES_ERROR;
				CLANG_WARN_DOCUMENTATION_COMMENTS = YES;
				CLANG_WARN_EMPTY_BODY = YES;
				CLANG_WARN_ENUM_CONVERSION = YES;
				CLANG_WARN_INFINITE_RECURSION = YES;
				CLANG_WARN_INT_CONVERSION = YES;
				CLANG_WARN_NON_LITERAL_NULL_CONVERSION = YES;
				CLANG_WARN_OBJC_IMPLICIT_RETAIN_SELF = YES;
				CLANG_WARN_OBJC_LITERAL_CONVERSION = YES;
				CLANG_WARN_OBJC_ROOT_CLASS = YES_ERROR;
				CLANG_WARN_RANGE_LOOP_ANALYSIS = YES;
				CLANG_WARN_STRICT_PROTOTYPES = YES;
				CLANG_WARN_SUSPICIOUS_MOVE = YES;
				CLANG_WARN_UNGUARDED_AVAILABILITY = YES_AGGRESSIVE;
				CLANG_WARN_UNREACHABLE_CODE = YES;
				CLANG_WARN__DUPLICATE_METHOD_MATCH = YES;
				CODE_SIGN_IDENTITY = "iPhone Developer";
				COPY_PHASE_STRIP = NO;
				DEBUG_INFORMATION_FORMAT = dwarf;
				ENABLE_STRICT_OBJC_MSGSEND = YES;
				ENABLE_TESTABILITY = YES;
				GCC_C_LANGUAGE_STANDARD = gnu11;
				GCC_DYNAMIC_NO_PIC = NO;
				GCC_NO_COMMON_BLOCKS = YES;
				GCC_OPTIMIZATION_LEVEL = 0;
				GCC_PREPROCESSOR_DEFINITIONS = (
					"DEBUG=1",
					"$(inherited)",
				);
				GCC_WARN_64_TO_32_BIT_CONVERSION = YES;
				GCC_WARN_ABOUT_RETURN_TYPE = YES_ERROR;
				GCC_WARN_UNDECLARED_SELECTOR = YES;
				GCC_WARN_UNINITIALIZED_AUTOS = YES_AGGRESSIVE;
				GCC_WARN_UNUSED_FUNCTION = YES;
				GCC_WARN_UNUSED_VARIABLE = YES;
				IPHONEOS_DEPLOYMENT_TARGET = 12.1;
				MTL_ENABLE_DEBUG_INFO = INCLUDE_SOURCE;
				MTL_FAST_MATH = YES;
				ONLY_ACTIVE_ARCH = YES;
				SDKROOT = iphoneos;
				SWIFT_ACTIVE_COMPILATION_CONDITIONS = DEBUG;
				SWIFT_OPTIMIZATION_LEVEL = "-Onone";
			};
			name = Debug;
		};
		95C4E3B021F60F1B0022EB24 /* Release */ = {
			isa = XCBuildConfiguration;
			buildSettings = {
				ALWAYS_SEARCH_USER_PATHS = NO;
				CLANG_ANALYZER_NONNULL = YES;
				CLANG_ANALYZER_NUMBER_OBJECT_CONVERSION = YES_AGGRESSIVE;
				CLANG_CXX_LANGUAGE_STANDARD = "gnu++14";
				CLANG_CXX_LIBRARY = "libc++";
				CLANG_ENABLE_MODULES = YES;
				CLANG_ENABLE_OBJC_ARC = YES;
				CLANG_ENABLE_OBJC_WEAK = YES;
				CLANG_WARN_BLOCK_CAPTURE_AUTORELEASING = YES;
				CLANG_WARN_BOOL_CONVERSION = YES;
				CLANG_WARN_COMMA = YES;
				CLANG_WARN_CONSTANT_CONVERSION = YES;
				CLANG_WARN_DEPRECATED_OBJC_IMPLEMENTATIONS = YES;
				CLANG_WARN_DIRECT_OBJC_ISA_USAGE = YES_ERROR;
				CLANG_WARN_DOCUMENTATION_COMMENTS = YES;
				CLANG_WARN_EMPTY_BODY = YES;
				CLANG_WARN_ENUM_CONVERSION = YES;
				CLANG_WARN_INFINITE_RECURSION = YES;
				CLANG_WARN_INT_CONVERSION = YES;
				CLANG_WARN_NON_LITERAL_NULL_CONVERSION = YES;
				CLANG_WARN_OBJC_IMPLICIT_RETAIN_SELF = YES;
				CLANG_WARN_OBJC_LITERAL_CONVERSION = YES;
				CLANG_WARN_OBJC_ROOT_CLASS = YES_ERROR;
				CLANG_WARN_RANGE_LOOP_ANALYSIS = YES;
				CLANG_WARN_STRICT_PROTOTYPES = YES;
				CLANG_WARN_SUSPICIOUS_MOVE = YES;
				CLANG_WARN_UNGUARDED_AVAILABILITY = YES_AGGRESSIVE;
				CLANG_WARN_UNREACHABLE_CODE = YES;
				CLANG_WARN__DUPLICATE_METHOD_MATCH = YES;
				CODE_SIGN_IDENTITY = "iPhone Developer";
				COPY_PHASE_STRIP = NO;
				DEBUG_INFORMATION_FORMAT = "dwarf-with-dsym";
				ENABLE_NS_ASSERTIONS = NO;
				ENABLE_STRICT_OBJC_MSGSEND = YES;
				GCC_C_LANGUAGE_STANDARD = gnu11;
				GCC_NO_COMMON_BLOCKS = YES;
				GCC_WARN_64_TO_32_BIT_CONVERSION = YES;
				GCC_WARN_ABOUT_RETURN_TYPE = YES_ERROR;
				GCC_WARN_UNDECLARED_SELECTOR = YES;
				GCC_WARN_UNINITIALIZED_AUTOS = YES_AGGRESSIVE;
				GCC_WARN_UNUSED_FUNCTION = YES;
				GCC_WARN_UNUSED_VARIABLE = YES;
				IPHONEOS_DEPLOYMENT_TARGET = 12.1;
				MTL_ENABLE_DEBUG_INFO = NO;
				MTL_FAST_MATH = YES;
				SDKROOT = iphoneos;
				SWIFT_COMPILATION_MODE = wholemodule;
				SWIFT_OPTIMIZATION_LEVEL = "-O";
				VALIDATE_PRODUCT = YES;
			};
			name = Release;
		};
		95C4E3B221F60F1B0022EB24 /* Debug */ = {
			isa = XCBuildConfiguration;
			buildSettings = {
				ASSETCATALOG_COMPILER_APPICON_NAME = AppIcon;
				CODE_SIGN_STYLE = Automatic;
				DEVELOPMENT_TEAM = CW7RK4BNJW;
				INFOPLIST_FILE = MultipleSectionsCollectionView/Info.plist;
				LD_RUNPATH_SEARCH_PATHS = (
					"$(inherited)",
					"@executable_path/Frameworks",
				);
				PRODUCT_BUNDLE_IDENTIFIER = com.lucas.MultipleSectionsCollectionView;
				PRODUCT_NAME = "$(TARGET_NAME)";
				SWIFT_VERSION = 4.2;
				TARGETED_DEVICE_FAMILY = "1,2";
			};
			name = Debug;
		};
		95C4E3B321F60F1B0022EB24 /* Release */ = {
			isa = XCBuildConfiguration;
			buildSettings = {
				ASSETCATALOG_COMPILER_APPICON_NAME = AppIcon;
				CODE_SIGN_STYLE = Automatic;
				DEVELOPMENT_TEAM = CW7RK4BNJW;
				INFOPLIST_FILE = MultipleSectionsCollectionView/Info.plist;
				LD_RUNPATH_SEARCH_PATHS = (
					"$(inherited)",
					"@executable_path/Frameworks",
				);
				PRODUCT_BUNDLE_IDENTIFIER = com.lucas.MultipleSectionsCollectionView;
				PRODUCT_NAME = "$(TARGET_NAME)";
				SWIFT_VERSION = 4.2;
				TARGETED_DEVICE_FAMILY = "1,2";
			};
			name = Release;
		};
/* End XCBuildConfiguration section */

/* Begin XCConfigurationList section */
		95C4E39A21F60F1A0022EB24 /* Build configuration list for PBXProject "MultipleSectionsCollectionView" */ = {
			isa = XCConfigurationList;
			buildConfigurations = (
				95C4E3AF21F60F1B0022EB24 /* Debug */,
				95C4E3B021F60F1B0022EB24 /* Release */,
			);
			defaultConfigurationIsVisible = 0;
			defaultConfigurationName = Release;
		};
		95C4E3B121F60F1B0022EB24 /* Build configuration list for PBXNativeTarget "MultipleSectionsCollectionView" */ = {
			isa = XCConfigurationList;
			buildConfigurations = (
				95C4E3B221F60F1B0022EB24 /* Debug */,
				95C4E3B321F60F1B0022EB24 /* Release */,
			);
			defaultConfigurationIsVisible = 0;
			defaultConfigurationName = Release;
		};
/* End XCConfigurationList section */
	};
	rootObject = 95C4E39721F60F1A0022EB24 /* Project object */;
}
